# This file is automatically @generated by Cargo.
# It is not intended for manual editing.
version = 4

[[package]]
name = "tether-core"
version = "0.1.0"

[[package]]
name = "tether-filesystem-provider"
version = "0.1.0"

[[package]]
name = "tether-process-provider"
version = "0.1.0"

[[package]]
name = "tether-search-provider"
version = "0.1.0"

[[package]]
name = "tetherd"
version = "0.1.0"
